
Microsoft Visual Studio Solution File, Format Version 12.00
# Visual Studio Version 16
VisualStudioVersion = 16.0.28803.452
MinimumVisualStudioVersion = 10.0.40219.1
Project("{8BC9CEB8-8B4A-11D0-8D11-00A0C91BC942}") = "ProxyServer", "ProxyServer\ProxyServer.vcxproj", "{5744D680-C2C8-48FD-8A6D-29E508DD7F8D}"
EndProject
Global
	GlobalSection(SolutionConfigurationPlatforms) = preSolution
		Debug|x64 = Debug|x64
		Debug|x86 = Debug|x86
		Release|x64 = Release|x64
		Release|x86 = Release|x86
	EndGlobalSection
	GlobalSection(ProjectConfigurationPlatforms) = postSolution
		{5744D680-C2C8-48FD-8A6D-29E508DD7F8D}.Debug|x64.ActiveCfg = Debug|x64
		{5744D680-C2C8-48FD-8A6D-29E508DD7F8D}.Debug|x64.Build.0 = Debug|x64
		{5744D680-C2C8-48FD-8A6D-29E508DD7F8D}.Debug|x86.ActiveCfg = Debug|Win32
		{5744D680-C2C8-48FD-8A6D-29E508DD7F8D}.Debug|x86.Build.0 = Debug|Win32
		{5744D680-C2C8-48FD-8A6D-29E508DD7F8D}.Release|x64.ActiveCfg = Release|x64
		{5744D680-C2C8-48FD-8A6D-29E508DD7F8D}.Release|x64.Build.0 = Release|x64
		{5744D680-C2C8-48FD-8A6D-29E508DD7F8D}.Release|x86.ActiveCfg = Release|Win32
		{5744D680-C2C8-48FD-8A6D-29E508DD7F8D}.Release|x86.Build.0 = Release|Win32
	EndGlobalSection
	GlobalSection(SolutionProperties) = preSolution
		HideSolutionNode = FALSE
	EndGlobalSection
	GlobalSection(ExtensibilityGlobals) = postSolution
		SolutionGuid = {8889E90E-6E12-44EA-B587-43BF21CAA23B}
	EndGlobalSection
EndGlobal
